
Microsoft Visual Studio Solution File, Format Version 12.00
# Visual Studio 15
VisualStudioVersion = 15.0.27703.2047
MinimumVisualStudioVersion = 10.0.40219.1
Project("{FAE04EC0-301F-11D3-BF4B-00C04F79EFBC}") = "IoTTerminal", "IoTTerminal\IoTTerminal.csproj", "{C3BC13A4-55D8-4475-89DD-C1B375DCEA0C}"
EndProject
Project("{FAE04EC0-301F-11D3-BF4B-00C04F79EFBC}") = "IoTTerminal.Car", "IoTTerminal.Car\IoTTerminal.Car.csproj", "{5790FCC0-D046-4A2F-83D0-69F3F430C2AB}"
EndProject
Project("{FAE04EC0-301F-11D3-BF4B-00C04F79EFBC}") = "IoTTerminal.Communication", "IoTTerminal.Communication\IoTTerminal.Communication.csproj", "{946A8708-A502-490B-90EC-F325DC55B18E}"
EndProject
Project("{FAE04EC0-301F-11D3-BF4B-00C04F79EFBC}") = "Test", "Test\Test.csproj", "{51776CDC-8E81-4D1B-B512-B4EB1385FF4F}"
EndProject
Project("{FAE04EC0-301F-11D3-BF4B-00C04F79EFBC}") = "IoTTerminal.Model", "IoTTerminal.Model\IoTTerminal.Model.csproj", "{EA7F99C2-4749-4955-91DA-733D7AA7C3A8}"
EndProject
Global
	GlobalSection(SolutionConfigurationPlatforms) = preSolution
		Debug|Any CPU = Debug|Any CPU
		Release|Any CPU = Release|Any CPU
	EndGlobalSection
	GlobalSection(ProjectConfigurationPlatforms) = postSolution
		{C3BC13A4-55D8-4475-89DD-C1B375DCEA0C}.Debug|Any CPU.ActiveCfg = Debug|Any CPU
		{C3BC13A4-55D8-4475-89DD-C1B375DCEA0C}.Debug|Any CPU.Build.0 = Debug|Any CPU
		{C3BC13A4-55D8-4475-89DD-C1B375DCEA0C}.Release|Any CPU.ActiveCfg = Release|Any CPU
		{C3BC13A4-55D8-4475-89DD-C1B375DCEA0C}.Release|Any CPU.Build.0 = Release|Any CPU
		{5790FCC0-D046-4A2F-83D0-69F3F430C2AB}.Debug|Any CPU.ActiveCfg = Debug|Any CPU
		{5790FCC0-D046-4A2F-83D0-69F3F430C2AB}.Debug|Any CPU.Build.0 = Debug|Any CPU
		{5790FCC0-D046-4A2F-83D0-69F3F430C2AB}.Release|Any CPU.ActiveCfg = Release|Any CPU
		{5790FCC0-D046-4A2F-83D0-69F3F430C2AB}.Release|Any CPU.Build.0 = Release|Any CPU
		{946A8708-A502-490B-90EC-F325DC55B18E}.Debug|Any CPU.ActiveCfg = Debug|Any CPU
		{946A8708-A502-490B-90EC-F325DC55B18E}.Debug|Any CPU.Build.0 = Debug|Any CPU
		{946A8708-A502-490B-90EC-F325DC55B18E}.Release|Any CPU.ActiveCfg = Release|Any CPU
		{946A8708-A502-490B-90EC-F325DC55B18E}.Release|Any CPU.Build.0 = Release|Any CPU
		{51776CDC-8E81-4D1B-B512-B4EB1385FF4F}.Debug|Any CPU.ActiveCfg = Debug|Any CPU
		{51776CDC-8E81-4D1B-B512-B4EB1385FF4F}.Debug|Any CPU.Build.0 = Debug|Any CPU
		{51776CDC-8E81-4D1B-B512-B4EB1385FF4F}.Release|Any CPU.ActiveCfg = Release|Any CPU
		{51776CDC-8E81-4D1B-B512-B4EB1385FF4F}.Release|Any CPU.Build.0 = Release|Any CPU
		{EA7F99C2-4749-4955-91DA-733D7AA7C3A8}.Debug|Any CPU.ActiveCfg = Debug|Any CPU
		{EA7F99C2-4749-4955-91DA-733D7AA7C3A8}.Debug|Any CPU.Build.0 = Debug|Any CPU
		{EA7F99C2-4749-4955-91DA-733D7AA7C3A8}.Release|Any CPU.ActiveCfg = Release|Any CPU
		{EA7F99C2-4749-4955-91DA-733D7AA7C3A8}.Release|Any CPU.Build.0 = Release|Any CPU
	EndGlobalSection
	GlobalSection(SolutionProperties) = preSolution
		HideSolutionNode = FALSE
	EndGlobalSection
	GlobalSection(ExtensibilityGlobals) = postSolution
		SolutionGuid = {E8AB13A9-5ACB-4567-AFF9-8E808C264D7A}
	EndGlobalSection
EndGlobal
